Microsoft Visual Studio Solution File, Format Version 12.00
# Visual Studio Version 17
VisualStudioVersion = 17.13.35818.85
MinimumVisualStudioVersion = 10.0.40219.1
Project("{FAE04EC0-301F-11D3-BF4B-00C04F79EFBC}") = "AutomationTest.FitbankWeb3", "AutomationTest.FitbankWeb3\AutomationTest.FitbankWeb3.csproj", "{B3F9FC15-945F-41D8-99CF-24184A331CFE}"
EndProject
Global
	GlobalSection(SolutionConfigurationPlatforms) = preSolution
		Debug|Any CPU = Debug|Any CPU
		Release|Any CPU = Release|Any CPU
	EndGlobalSection
	GlobalSection(ProjectConfigurationPlatforms) = postSolution
		{B3F9FC15-945F-41D8-99CF-24184A331CFE}.Debug|Any CPU.ActiveCfg = Debug|Any CPU
		{B3F9FC15-945F-41D8-99CF-24184A331CFE}.Debug|Any CPU.Build.0 = Debug|Any CPU
		{B3F9FC15-945F-41D8-99CF-24184A331CFE}.Release|Any CPU.ActiveCfg = Release|Any CPU
		{B3F9FC15-945F-41D8-99CF-24184A331CFE}.Release|Any CPU.Build.0 = Release|Any CPU
	EndGlobalSection
	GlobalSection(SolutionProperties) = preSolution
		HideSolutionNode = FALSE
	EndGlobalSection
	GlobalSection(ExtensibilityGlobals) = postSolution
		SolutionGuid = {155F1BFE-5561-4E74-97E3-F3103742B9C1}
	EndGlobalSection
EndGlobal
